
Microsoft Visual Studio Solution File, Format Version 12.00
# Visual Studio 15
VisualStudioVersion = 15.0.28307.572
MinimumVisualStudioVersion = 10.0.40219.1
Project("{FAE04EC0-301F-11D3-BF4B-00C04F79EFBC}") = "CatalogAPI", "CatalogAPI\CatalogAPI.csproj", "{DF30BD66-AF29-436B-B58C-F384F08A01E9}"
EndProject
Global
	GlobalSection(SolutionConfigurationPlatforms) = preSolution
		Debug|Any CPU = Debug|Any CPU
		Release|Any CPU = Release|Any CPU
	EndGlobalSection
	GlobalSection(ProjectConfigurationPlatforms) = postSolution
		{DF30BD66-AF29-436B-B58C-F384F08A01E9}.Debug|Any CPU.ActiveCfg = Debug|Any CPU
		{DF30BD66-AF29-436B-B58C-F384F08A01E9}.Debug|Any CPU.Build.0 = Debug|Any CPU
		{DF30BD66-AF29-436B-B58C-F384F08A01E9}.Release|Any CPU.ActiveCfg = Release|Any CPU
		{DF30BD66-AF29-436B-B58C-F384F08A01E9}.Release|Any CPU.Build.0 = Release|Any CPU
	EndGlobalSection
	GlobalSection(SolutionProperties) = preSolution
		HideSolutionNode = FALSE
	EndGlobalSection
	GlobalSection(ExtensibilityGlobals) = postSolution
		SolutionGuid = {CF5C025D-960C-4C91-873D-565BAFC0B829}
	EndGlobalSection
EndGlobal
